// !$*UTF8*$!
{
	archiveVersion = 1;
	classes = {
	};
	objectVersion = 46;
	objects = {

/* Begin PBXBuildFile section */
		1D3623260D0F684500981E51 /* twittaddictAppDelegate.m in Sources */ = {isa = PBXBuildFile; fileRef = 1D3623250D0F684500981E51 /* twittaddictAppDelegate.m */; };
		1D60589B0D05DD56006BFB54 /* main.m in Sources */ = {isa = PBXBuildFile; fileRef = 29B97316FDCFA39411CA2CEA /* main.m */; };
		1D60589F0D05DD5A006BFB54 /* Foundation.framework in Frameworks */ = {isa = PBXBuildFile; fileRef = 1D30AB110D05D00D00671497 /* Foundation.framework */; };
		1DF5F4E00D08C38300B7A737 /* UIKit.framework in Frameworks */ = {isa = PBXBuildFile; fileRef = 1DF5F4DF0D08C38300B7A737 /* UIKit.framework */; };
		28193060112F816700ECF9B4 /* twittaddict.xcdatamodeld in Sources */ = {isa = PBXBuildFile; fileRef = 2819305F112F816700ECF9B4 /* twittaddict.xcdatamodeld */; };
		288765A50DF7441C002DB57D /* CoreGraphics.framework in Frameworks */ = {isa = PBXBuildFile; fileRef = 288765A40DF7441C002DB57D /* CoreGraphics.framework */; };
		28AD733F0D9D9553002E5188 /* MainWindow.xib in Resources */ = {isa = PBXBuildFile; fileRef = 28AD733E0D9D9553002E5188 /* MainWindow.xib */; };
		28D801B40F44B63D00FB423F /* CoreData.framework in Frameworks */ = {isa = PBXBuildFile; fileRef = 28D801B30F44B63D00FB423F /* CoreData.framework */; };
		C33F883712C79F940033022D /* SRButton.m in Sources */ = {isa = PBXBuildFile; fileRef = C33F883612C79F940033022D /* SRButton.m */; };
		C33F884D12C7A4D50033022D /* correct.png in Resources */ = {isa = PBXBuildFile; fileRef = C33F884B12C7A4D50033022D /* correct.png */; };
		C33F884E12C7A4D50033022D /* correct@2x.png in Resources */ = {isa = PBXBuildFile; fileRef = C33F884C12C7A4D50033022D /* correct@2x.png */; };
		C33F886C12C7A71F0033022D /* wrong.png in Resources */ = {isa = PBXBuildFile; fileRef = C33F886B12C7A71F0033022D /* wrong.png */; };
		C33F886E12C7A7270033022D /* wrong@2x.png in Resources */ = {isa = PBXBuildFile; fileRef = C33F886D12C7A7270033022D /* wrong@2x.png */; };
		C33F8AB712C90B550033022D /* GameOverController.m in Sources */ = {isa = PBXBuildFile; fileRef = C33F8AB512C90B550033022D /* GameOverController.m */; };
		C33F8AB812C90B560033022D /* GameOverController.xib in Resources */ = {isa = PBXBuildFile; fileRef = C33F8AB612C90B550033022D /* GameOverController.xib */; };
		C33F8C7F12CAD89C0033022D /* match_1_bg.png in Resources */ = {isa = PBXBuildFile; fileRef = C33F8C7E12CAD89C0033022D /* match_1_bg.png */; };
		C33F8ED712CFFBFE0033022D /* match_1_bg@2x.png in Resources */ = {isa = PBXBuildFile; fileRef = C33F8ED612CFFBFE0033022D /* match_1_bg@2x.png */; };
		C33F908A12D6B53D0033022D /* FriendStatsController.m in Sources */ = {isa = PBXBuildFile; fileRef = C33F908812D6B53D0033022D /* FriendStatsController.m */; };
		C33F908B12D6B53D0033022D /* FriendStatsController.xib in Resources */ = {isa = PBXBuildFile; fileRef = C33F908912D6B53D0033022D /* FriendStatsController.xib */; };
		C33F930912D8D6690033022D /* statCell.m in Sources */ = {isa = PBXBuildFile; fileRef = C33F930812D8D6690033022D /* statCell.m */; };
		C33F931212D8DC530033022D /* statCell.xib in Resources */ = {isa = PBXBuildFile; fileRef = C33F931112D8DC530033022D /* statCell.xib */; };
		C3EDB30F12BE4B6300F452F9 /* NSObject+SBJSON.m in Sources */ = {isa = PBXBuildFile; fileRef = C3EDB30612BE4B6300F452F9 /* NSObject+SBJSON.m */; };
		C3EDB31012BE4B6300F452F9 /* NSString+SBJSON.m in Sources */ = {isa = PBXBuildFile; fileRef = C3EDB30812BE4B6300F452F9 /* NSString+SBJSON.m */; };
		C3EDB31112BE4B6300F452F9 /* SBJsonBase.m in Sources */ = {isa = PBXBuildFile; fileRef = C3EDB30A12BE4B6300F452F9 /* SBJsonBase.m */; };
		C3EDB31212BE4B6300F452F9 /* SBJsonParser.m in Sources */ = {isa = PBXBuildFile; fileRef = C3EDB30C12BE4B6300F452F9 /* SBJsonParser.m */; };
		C3EDB31312BE4B6300F452F9 /* SBJsonWriter.m in Sources */ = {isa = PBXBuildFile; fileRef = C3EDB30E12BE4B6300F452F9 /* SBJsonWriter.m */; };
		C3EDB35B12BE538C00F452F9 /* MatchController.m in Sources */ = {isa = PBXBuildFile; fileRef = C3EDB35912BE538C00F452F9 /* MatchController.m */; };
		C3EDB35C12BE538C00F452F9 /* MatchController.xib in Resources */ = {isa = PBXBuildFile; fileRef = C3EDB35A12BE538C00F452F9 /* MatchController.xib */; };
		C3EDB48912BE6B5F00F452F9 /* libOAuth.a in Frameworks */ = {isa = PBXBuildFile; fileRef = C3EDB45212BE6B5F00F452F9 /* libOAuth.a */; };
		C3EDB48A12BE6B5F00F452F9 /* SA_OAuthTwitterEngine.m in Sources */ = {isa = PBXBuildFile; fileRef = C3EDB45412BE6B5F00F452F9 /* SA_OAuthTwitterEngine.m */; };
		C3EDB48B12BE6B5F00F452F9 /* SA_OAuthTwitterController.m in Sources */ = {isa = PBXBuildFile; fileRef = C3EDB45612BE6B5F00F452F9 /* SA_OAuthTwitterController.m */; };
		C3EDB48C12BE6B5F00F452F9 /* MGTwitterEngine.m in Sources */ = {isa = PBXBuildFile; fileRef = C3EDB46A12BE6B5F00F452F9 /* MGTwitterEngine.m */; };
		C3EDB48D12BE6B5F00F452F9 /* MGTwitterHTTPURLConnection.m in Sources */ = {isa = PBXBuildFile; fileRef = C3EDB46E12BE6B5F00F452F9 /* MGTwitterHTTPURLConnection.m */; };
		C3EDB48E12BE6B5F00F452F9 /* MGTwitterLibXMLParser.m in Sources */ = {isa = PBXBuildFile; fileRef = C3EDB47012BE6B5F00F452F9 /* MGTwitterLibXMLParser.m */; };
		C3EDB48F12BE6B5F00F452F9 /* MGTwitterMessagesLibXMLParser.m in Sources */ = {isa = PBXBuildFile; fileRef = C3EDB47212BE6B5F00F452F9 /* MGTwitterMessagesLibXMLParser.m */; };
		C3EDB49012BE6B5F00F452F9 /* MGTwitterMessagesParser.m in Sources */ = {isa = PBXBuildFile; fileRef = C3EDB47412BE6B5F00F452F9 /* MGTwitterMessagesParser.m */; };
		C3EDB49112BE6B5F00F452F9 /* MGTwitterMiscLibXMLParser.m in Sources */ = {isa = PBXBuildFile; fileRef = C3EDB47612BE6B5F00F452F9 /* MGTwitterMiscLibXMLParser.m */; };
		C3EDB49212BE6B5F00F452F9 /* MGTwitterMiscParser.m in Sources */ = {isa = PBXBuildFile; fileRef = C3EDB47812BE6B5F00F452F9 /* MGTwitterMiscParser.m */; };
		C3EDB49312BE6B5F00F452F9 /* MGTwitterStatusesLibXMLParser.m in Sources */ = {isa = PBXBuildFile; fileRef = C3EDB47C12BE6B5F00F452F9 /* MGTwitterStatusesLibXMLParser.m */; };
		C3EDB49412BE6B5F00F452F9 /* MGTwitterStatusesParser.m in Sources */ = {isa = PBXBuildFile; fileRef = C3EDB47E12BE6B5F00F452F9 /* MGTwitterStatusesParser.m */; };
		C3EDB49512BE6B5F00F452F9 /* MGTwitterUsersLibXMLParser.m in Sources */ = {isa = PBXBuildFile; fileRef = C3EDB48012BE6B5F00F452F9 /* MGTwitterUsersLibXMLParser.m */; };
		C3EDB49612BE6B5F00F452F9 /* MGTwitterUsersParser.m in Sources */ = {isa = PBXBuildFile; fileRef = C3EDB48212BE6B5F00F452F9 /* MGTwitterUsersParser.m */; };
		C3EDB49712BE6B5F00F452F9 /* MGTwitterXMLParser.m in Sources */ = {isa = PBXBuildFile; fileRef = C3EDB48412BE6B5F00F452F9 /* MGTwitterXMLParser.m */; };
		C3EDB49812BE6B5F00F452F9 /* NSData+Base64.m in Sources */ = {isa = PBXBuildFile; fileRef = C3EDB48612BE6B5F00F452F9 /* NSData+Base64.m */; };
		C3EDB49912BE6B5F00F452F9 /* NSString+UUID.m in Sources */ = {isa = PBXBuildFile; fileRef = C3EDB48812BE6B5F00F452F9 /* NSString+UUID.m */; };
		C3EDB49B12BE6B7E00F452F9 /* libxml2.dylib in Frameworks */ = {isa = PBXBuildFile; fileRef = C3EDB49A12BE6B7E00F452F9 /* libxml2.dylib */; };
		C3EDB76C12C2CA8700F452F9 /* MGTwitterSocialGraphParser.m in Sources */ = {isa = PBXBuildFile; fileRef = C3EDB76B12C2CA8700F452F9 /* MGTwitterSocialGraphParser.m */; };
		C3EDB76F12C2CABA00F452F9 /* MGTwitterSocialGraphLibXMLParser.m in Sources */ = {isa = PBXBuildFile; fileRef = C3EDB76E12C2CABA00F452F9 /* MGTwitterSocialGraphLibXMLParser.m */; };
		C3EDB7C512C3841E00F452F9 /* BaseController.m in Sources */ = {isa = PBXBuildFile; fileRef = C3EDB7C412C3841E00F452F9 /* BaseController.m */; };
		C3F552D012DA031900B14912 /* match_2_bg.png in Resources */ = {isa = PBXBuildFile; fileRef = C3F552CE12DA031900B14912 /* match_2_bg.png */; };
		C3F552D112DA031900B14912 /* match_2_bg@2x.png in Resources */ = {isa = PBXBuildFile; fileRef = C3F552CF12DA031900B14912 /* match_2_bg@2x.png */; };
		C3F552D912DA074C00B14912 /* gameover.png in Resources */ = {isa = PBXBuildFile; fileRef = C3F552D712DA074C00B14912 /* gameover.png */; };
		C3F552DA12DA074C00B14912 /* gameover@2x.png in Resources */ = {isa = PBXBuildFile; fileRef = C3F552D812DA074C00B14912 /* gameover@2x.png */; };
		C3F552EA12DA12B700B14912 /* loading.png in Resources */ = {isa = PBXBuildFile; fileRef = C3F552E812DA12B700B14912 /* loading.png */; };
		C3F552EB12DA12B700B14912 /* loading@2x.png in Resources */ = {isa = PBXBuildFile; fileRef = C3F552E912DA12B700B14912 /* loading@2x.png */; };
/* End PBXBuildFile section */

/* Begin PBXFileReference section */
		1D30AB110D05D00D00671497 /* Foundation.framework */ = {isa = PBXFileReference; lastKnownFileType = wrapper.framework; name = Foundation.framework; path = System/Library/Frameworks/Foundation.framework; sourceTree = SDKROOT; };
		1D3623240D0F684500981E51 /* twittaddictAppDelegate.h */ = {isa = PBXFileReference; fileEncoding = 4; lastKnownFileType = sourcecode.c.h; path = twittaddictAppDelegate.h; sourceTree = "<group>"; };
		1D3623250D0F684500981E51 /* twittaddictAppDelegate.m */ = {isa = PBXFileReference; fileEncoding = 4; lastKnownFileType = sourcecode.c.objc; path = twittaddictAppDelegate.m; sourceTree = "<group>"; };
		1D6058910D05DD3D006BFB54 /* twittaddict.app */ = {isa = PBXFileReference; explicitFileType = wrapper.application; includeInIndex = 0; path = twittaddict.app; sourceTree = BUILT_PRODUCTS_DIR; };
		1DF5F4DF0D08C38300B7A737 /* UIKit.framework */ = {isa = PBXFileReference; lastKnownFileType = wrapper.framework; name = UIKit.framework; path = System/Library/Frameworks/UIKit.framework; sourceTree = SDKROOT; };
		288765A40DF7441C002DB57D /* CoreGraphics.framework */ = {isa = PBXFileReference; lastKnownFileType = wrapper.framework; name = CoreGraphics.framework; path = System/Library/Frameworks/CoreGraphics.framework; sourceTree = SDKROOT; };
		28AD733E0D9D9553002E5188 /* MainWindow.xib */ = {isa = PBXFileReference; lastKnownFileType = file.xib; path = MainWindow.xib; sourceTree = "<group>"; };
		28C3AD890F43EF2300507BA6 /* twittaddict.xcdatamodel */ = {isa = PBXFileReference; fileEncoding = 4; lastKnownFileType = wrapper.xcdatamodel; path = twittaddict.xcdatamodel; sourceTree = "<group>"; };
		28D801B30F44B63D00FB423F /* CoreData.framework */ = {isa = PBXFileReference; lastKnownFileType = wrapper.framework; name = CoreData.framework; path = System/Library/Frameworks/CoreData.framework; sourceTree = SDKROOT; };
		29B97316FDCFA39411CA2CEA /* main.m */ = {isa = PBXFileReference; fileEncoding = 4; lastKnownFileType = sourcecode.c.objc; path = main.m; sourceTree = "<group>"; };
		32CA4F630368D1EE00C91783 /* twittaddict_Prefix.pch */ = {isa = PBXFileReference; fileEncoding = 4; lastKnownFileType = sourcecode.c.h; path = twittaddict_Prefix.pch; sourceTree = "<group>"; };
		8D1107310486CEB800E47090 /* twittaddict-Info.plist */ = {isa = PBXFileReference; fileEncoding = 4; lastKnownFileType = text.plist.xml; path = "twittaddict-Info.plist"; plistStructureDefinitionIdentifier = "com.apple.xcode.plist.structure-definition.iphone.info-plist"; sourceTree = "<group>"; };
		C33F883512C79F940033022D /* SRButton.h */ = {isa = PBXFileReference; fileEncoding = 4; lastKnownFileType = sourcecode.c.h; path = SRButton.h; sourceTree = "<group>"; };
		C33F883612C79F940033022D /* SRButton.m */ = {isa = PBXFileReference; fileEncoding = 4; lastKnownFileType = sourcecode.c.objc; path = SRButton.m; sourceTree = "<group>"; };
		C33F884B12C7A4D50033022D /* correct.png */ = {isa = PBXFileReference; lastKnownFileType = image.png; path = correct.png; sourceTree = "<group>"; };
		C33F884C12C7A4D50033022D /* correct@2x.png */ = {isa = PBXFileReference; lastKnownFileType = image.png; path = "correct@2x.png"; sourceTree = "<group>"; };
		C33F886B12C7A71F0033022D /* wrong.png */ = {isa = PBXFileReference; lastKnownFileType = image.png; path = wrong.png; sourceTree = "<group>"; };
		C33F886D12C7A7270033022D /* wrong@2x.png */ = {isa = PBXFileReference; lastKnownFileType = image.png; path = "wrong@2x.png"; sourceTree = "<group>"; };
		C33F8AB412C90B550033022D /* GameOverController.h */ = {isa = PBXFileReference; fileEncoding = 4; lastKnownFileType = sourcecode.c.h; path = GameOverController.h; sourceTree = "<group>"; };
		C33F8AB512C90B550033022D /* GameOverController.m */ = {isa = PBXFileReference; fileEncoding = 4; lastKnownFileType = sourcecode.c.objc; path = GameOverController.m; sourceTree = "<group>"; };
		C33F8AB612C90B550033022D /* GameOverController.xib */ = {isa = PBXFileReference; lastKnownFileType = file.xib; name = GameOverController.xib; path = Classes/GameOverController.xib; sourceTree = "<group>"; };
		C33F8C7E12CAD89C0033022D /* match_1_bg.png */ = {isa = PBXFileReference; lastKnownFileType = image.png; path = match_1_bg.png; sourceTree = "<group>"; };
		C33F8ED612CFFBFE0033022D /* match_1_bg@2x.png */ = {isa = PBXFileReference; lastKnownFileType = image.png; path = "match_1_bg@2x.png"; sourceTree = "<group>"; };
		C33F908712D6B53D0033022D /* FriendStatsController.h */ = {isa = PBXFileReference; fileEncoding = 4; lastKnownFileType = sourcecode.c.h; path = FriendStatsController.h; sourceTree = "<group>"; };
		C33F908812D6B53D0033022D /* FriendStatsController.m */ = {isa = PBXFileReference; fileEncoding = 4; lastKnownFileType = sourcecode.c.objc; path = FriendStatsController.m; sourceTree = "<group>"; };
		C33F908912D6B53D0033022D /* FriendStatsController.xib */ = {isa = PBXFileReference; lastKnownFileType = file.xib; name = FriendStatsController.xib; path = Classes/FriendStatsController.xib; sourceTree = "<group>"; };
		C33F930712D8D6690033022D /* statCell.h */ = {isa = PBXFileReference; fileEncoding = 4; lastKnownFileType = sourcecode.c.h; path = statCell.h; sourceTree = "<group>"; };
		C33F930812D8D6690033022D /* statCell.m */ = {isa = PBXFileReference; fileEncoding = 4; lastKnownFileType = sourcecode.c.objc; path = statCell.m; sourceTree = "<group>"; };
		C33F931112D8DC530033022D /* statCell.xib */ = {isa = PBXFileReference; lastKnownFileType = file.xib; path = statCell.xib; sourceTree = "<group>"; };
		C3EDB30412BE4B6300F452F9 /* JSON.h */ = {isa = PBXFileReference; fileEncoding = 4; lastKnownFileType = sourcecode.c.h; path = JSON.h; sourceTree = "<group>"; };
		C3EDB30512BE4B6300F452F9 /* NSObject+SBJSON.h */ = {isa = PBXFileReference; fileEncoding = 4; lastKnownFileType = sourcecode.c.h; path = "NSObject+SBJSON.h"; sourceTree = "<group>"; };
		C3EDB30612BE4B6300F452F9 /* NSObject+SBJSON.m */ = {isa = PBXFileReference; fileEncoding = 4; lastKnownFileType = sourcecode.c.objc; path = "NSObject+SBJSON.m"; sourceTree = "<group>"; };
		C3EDB30712BE4B6300F452F9 /* NSString+SBJSON.h */ = {isa = PBXFileReference; fileEncoding = 4; lastKnownFileType = sourcecode.c.h; path = "NSString+SBJSON.h"; sourceTree = "<group>"; };
		C3EDB30812BE4B6300F452F9 /* NSString+SBJSON.m */ = {isa = PBXFileReference; fileEncoding = 4; lastKnownFileType = sourcecode.c.objc; path = "NSString+SBJSON.m"; sourceTree = "<group>"; };
		C3EDB30912BE4B6300F452F9 /* SBJsonBase.h */ = {isa = PBXFileReference; fileEncoding = 4; lastKnownFileType = sourcecode.c.h; path = SBJsonBase.h; sourceTree = "<group>"; };
		C3EDB30A12BE4B6300F452F9 /* SBJsonBase.m */ = {isa = PBXFileReference; fileEncoding = 4; lastKnownFileType = sourcecode.c.objc; path = SBJsonBase.m; sourceTree = "<group>"; };
		C3EDB30B12BE4B6300F452F9 /* SBJsonParser.h */ = {isa = PBXFileReference; fileEncoding = 4; lastKnownFileType = sourcecode.c.h; path = SBJsonParser.h; sourceTree = "<group>"; };
		C3EDB30C12BE4B6300F452F9 /* SBJsonParser.m */ = {isa = PBXFileReference; fileEncoding = 4; lastKnownFileType = sourcecode.c.objc; path = SBJsonParser.m; sourceTree = "<group>"; };
		C3EDB30D12BE4B6300F452F9 /* SBJsonWriter.h */ = {isa = PBXFileReference; fileEncoding = 4; lastKnownFileType = sourcecode.c.h; path = SBJsonWriter.h; sourceTree = "<group>"; };
		C3EDB30E12BE4B6300F452F9 /* SBJsonWriter.m */ = {isa = PBXFileReference; fileEncoding = 4; lastKnownFileType = sourcecode.c.objc; path = SBJsonWriter.m; sourceTree = "<group>"; };
		C3EDB35812BE538C00F452F9 /* MatchController.h */ = {isa = PBXFileReference; fileEncoding = 4; lastKnownFileType = sourcecode.c.h; path = MatchController.h; sourceTree = "<group>"; };
		C3EDB35912BE538C00F452F9 /* MatchController.m */ = {isa = PBXFileReference; fileEncoding = 4; lastKnownFileType = sourcecode.c.objc; path = MatchController.m; sourceTree = "<group>"; };
		C3EDB35A12BE538C00F452F9 /* MatchController.xib */ = {isa = PBXFileReference; lastKnownFileType = file.xib; name = MatchController.xib; path = Classes/MatchController.xib; sourceTree = "<group>"; };
		C3EDB45212BE6B5F00F452F9 /* libOAuth.a */ = {isa = PBXFileReference; lastKnownFileType = archive.ar; path = libOAuth.a; sourceTree = "<group>"; };
		C3EDB45312BE6B5F00F452F9 /* SA_OAuthTwitterEngine.h */ = {isa = PBXFileReference; fileEncoding = 4; lastKnownFileType = sourcecode.c.h; path = SA_OAuthTwitterEngine.h; sourceTree = "<group>"; };
		C3EDB45412BE6B5F00F452F9 /* SA_OAuthTwitterEngine.m */ = {isa = PBXFileReference; fileEncoding = 4; lastKnownFileType = sourcecode.c.objc; path = SA_OAuthTwitterEngine.m; sourceTree = "<group>"; };
		C3EDB45512BE6B5F00F452F9 /* SA_OAuthTwitterController.h */ = {isa = PBXFileReference; fileEncoding = 4; lastKnownFileType = sourcecode.c.h; path = SA_OAuthTwitterController.h; sourceTree = "<group>"; };
		C3EDB45612BE6B5F00F452F9 /* SA_OAuthTwitterController.m */ = {isa = PBXFileReference; fileEncoding = 4; lastKnownFileType = sourcecode.c.objc; path = SA_OAuthTwitterController.m; sourceTree = "<group>"; };
		C3EDB45912BE6B5F00F452F9 /* NSMutableURLRequest+Parameters.h */ = {isa = PBXFileReference; fileEncoding = 4; lastKnownFileType = sourcecode.c.h; path = "NSMutableURLRequest+Parameters.h"; sourceTree = "<group>"; };
		C3EDB45A12BE6B5F00F452F9 /* NSString+URLEncoding.h */ = {isa = PBXFileReference; fileEncoding = 4; lastKnownFileType = sourcecode.c.h; path = "NSString+URLEncoding.h"; sourceTree = "<group>"; };
		C3EDB45B12BE6B5F00F452F9 /* NSURL+Base.h */ = {isa = PBXFileReference; fileEncoding = 4; lastKnownFileType = sourcecode.c.h; path = "NSURL+Base.h"; sourceTree = "<group>"; };
		C3EDB45C12BE6B5F00F452F9 /* OAAsynchronousDataFetcher.h */ = {isa = PBXFileReference; fileEncoding = 4; lastKnownFileType = sourcecode.c.h; path = OAAsynchronousDataFetcher.h; sourceTree = "<group>"; };
		C3EDB45D12BE6B5F00F452F9 /* OAConsumer.h */ = {isa = PBXFileReference; fileEncoding = 4; lastKnownFileType = sourcecode.c.h; path = OAConsumer.h; sourceTree = "<group>"; };
		C3EDB45E12BE6B5F00F452F9 /* OADataFetcher.h */ = {isa = PBXFileReference; fileEncoding = 4; lastKnownFileType = sourcecode.c.h; path = OADataFetcher.h; sourceTree = "<group>"; };
		C3EDB45F12BE6B5F00F452F9 /* OAHMAC_SHA1SignatureProvider.h */ = {isa = PBXFileReference; fileEncoding = 4; lastKnownFileType = sourcecode.c.h; path = OAHMAC_SHA1SignatureProvider.h; sourceTree = "<group>"; };
		C3EDB46012BE6B5F00F452F9 /* OAMutableURLRequest.h */ = {isa = PBXFileReference; fileEncoding = 4; lastKnownFileType = sourcecode.c.h; path = OAMutableURLRequest.h; sourceTree = "<group>"; };
		C3EDB46112BE6B5F00F452F9 /* OAPlaintextSignatureProvider.h */ = {isa = PBXFileReference; fileEncoding = 4; lastKnownFileType = sourcecode.c.h; path = OAPlaintextSignatureProvider.h; sourceTree = "<group>"; };
		C3EDB46212BE6B5F00F452F9 /* OARequestParameter.h */ = {isa = PBXFileReference; fileEncoding = 4; lastKnownFileType = sourcecode.c.h; path = OARequestParameter.h; sourceTree = "<group>"; };
		C3EDB46312BE6B5F00F452F9 /* OAServiceTicket.h */ = {isa = PBXFileReference; fileEncoding = 4; lastKnownFileType = sourcecode.c.h; path = OAServiceTicket.h; sourceTree = "<group>"; };
		C3EDB46412BE6B5F00F452F9 /* OASignatureProviding.h */ = {isa = PBXFileReference; fileEncoding = 4; lastKnownFileType = sourcecode.c.h; path = OASignatureProviding.h; sourceTree = "<group>"; };
		C3EDB46512BE6B5F00F452F9 /* OAToken.h */ = {isa = PBXFileReference; fileEncoding = 4; lastKnownFileType = sourcecode.c.h; path = OAToken.h; sourceTree = "<group>"; };
		C3EDB46612BE6B5F00F452F9 /* OAToken_KeychainExtensions.h */ = {isa = PBXFileReference; fileEncoding = 4; lastKnownFileType = sourcecode.c.h; path = OAToken_KeychainExtensions.h; sourceTree = "<group>"; };
		C3EDB46712BE6B5F00F452F9 /* OAuthConsumer.h */ = {isa = PBXFileReference; fileEncoding = 4; lastKnownFileType = sourcecode.c.h; path = OAuthConsumer.h; sourceTree = "<group>"; };
		C3EDB46912BE6B5F00F452F9 /* MGTwitterEngine.h */ = {isa = PBXFileReference; fileEncoding = 4; lastKnownFileType = sourcecode.c.h; path = MGTwitterEngine.h; sourceTree = "<group>"; };
		C3EDB46A12BE6B5F00F452F9 /* MGTwitterEngine.m */ = {isa = PBXFileReference; fileEncoding = 4; lastKnownFileType = sourcecode.c.objc; path = MGTwitterEngine.m; sourceTree = "<group>"; };
		C3EDB46B12BE6B5F00F452F9 /* MGTwitterEngineDelegate.h */ = {isa = PBXFileReference; fileEncoding = 4; lastKnownFileType = sourcecode.c.h; path = MGTwitterEngineDelegate.h; sourceTree = "<group>"; };
		C3EDB46C12BE6B5F00F452F9 /* MGTwitterEngineGlobalHeader.h */ = {isa = PBXFileReference; fileEncoding = 4; lastKnownFileType = sourcecode.c.h; path = MGTwitterEngineGlobalHeader.h; sourceTree = "<group>"; };
		C3EDB46D12BE6B5F00F452F9 /* MGTwitterHTTPURLConnection.h */ = {isa = PBXFileReference; fileEncoding = 4; lastKnownFileType = sourcecode.c.h; path = MGTwitterHTTPURLConnection.h; sourceTree = "<group>"; };
		C3EDB46E12BE6B5F00F452F9 /* MGTwitterHTTPURLConnection.m */ = {isa = PBXFileReference; fileEncoding = 4; lastKnownFileType = sourcecode.c.objc; path = MGTwitterHTTPURLConnection.m; sourceTree = "<group>"; };
		C3EDB46F12BE6B5F00F452F9 /* MGTwitterLibXMLParser.h */ = {isa = PBXFileReference; fileEncoding = 4; lastKnownFileType = sourcecode.c.h; path = MGTwitterLibXMLParser.h; sourceTree = "<group>"; };
		C3EDB47012BE6B5F00F452F9 /* MGTwitterLibXMLParser.m */ = {isa = PBXFileReference; fileEncoding = 4; lastKnownFileType = sourcecode.c.objc; path = MGTwitterLibXMLParser.m; sourceTree = "<group>"; };
		C3EDB47112BE6B5F00F452F9 /* MGTwitterMessagesLibXMLParser.h */ = {isa = PBXFileReference; fileEncoding = 4; lastKnownFileType = sourcecode.c.h; path = MGTwitterMessagesLibXMLParser.h; sourceTree = "<group>"; };
		C3EDB47212BE6B5F00F452F9 /* MGTwitterMessagesLibXMLParser.m */ = {isa = PBXFileReference; fileEncoding = 4; lastKnownFileType = sourcecode.c.objc; path = MGTwitterMessagesLibXMLParser.m; sourceTree = "<group>"; };
		C3EDB47312BE6B5F00F452F9 /* MGTwitterMessagesParser.h */ = {isa = PBXFileReference; fileEncoding = 4; lastKnownFileType = sourcecode.c.h; path = MGTwitterMessagesParser.h; sourceTree = "<group>"; };
		C3EDB47412BE6B5F00F452F9 /* MGTwitterMessagesParser.m */ = {isa = PBXFileReference; fileEncoding = 4; lastKnownFileType = sourcecode.c.objc; path = MGTwitterMessagesParser.m; sourceTree = "<group>"; };
		C3EDB47512BE6B5F00F452F9 /* MGTwitterMiscLibXMLParser.h */ = {isa = PBXFileReference; fileEncoding = 4; lastKnownFileType = sourcecode.c.h; path = MGTwitterMiscLibXMLParser.h; sourceTree = "<group>"; };
		C3EDB47612BE6B5F00F452F9 /* MGTwitterMiscLibXMLParser.m */ = {isa = PBXFileReference; fileEncoding = 4; lastKnownFileType = sourcecode.c.objc; path = MGTwitterMiscLibXMLParser.m; sourceTree = "<group>"; };
		C3EDB47712BE6B5F00F452F9 /* MGTwitterMiscParser.h */ = {isa = PBXFileReference; fileEncoding = 4; lastKnownFileType = sourcecode.c.h; path = MGTwitterMiscParser.h; sourceTree = "<group>"; };
		C3EDB47812BE6B5F00F452F9 /* MGTwitterMiscParser.m */ = {isa = PBXFileReference; fileEncoding = 4; lastKnownFileType = sourcecode.c.objc; path = MGTwitterMiscParser.m; sourceTree = "<group>"; };
		C3EDB47912BE6B5F00F452F9 /* MGTwitterParserDelegate.h */ = {isa = PBXFileReference; fileEncoding = 4; lastKnownFileType = sourcecode.c.h; path = MGTwitterParserDelegate.h; sourceTree = "<group>"; };
		C3EDB47A12BE6B5F00F452F9 /* MGTwitterRequestTypes.h */ = {isa = PBXFileReference; fileEncoding = 4; lastKnownFileType = sourcecode.c.h; path = MGTwitterRequestTypes.h; sourceTree = "<group>"; };
		C3EDB47B12BE6B5F00F452F9 /* MGTwitterStatusesLibXMLParser.h */ = {isa = PBXFileReference; fileEncoding = 4; lastKnownFileType = sourcecode.c.h; path = MGTwitterStatusesLibXMLParser.h; sourceTree = "<group>"; };
		C3EDB47C12BE6B5F00F452F9 /* MGTwitterStatusesLibXMLParser.m */ = {isa = PBXFileReference; fileEncoding = 4; lastKnownFileType = sourcecode.c.objc; path = MGTwitterStatusesLibXMLParser.m; sourceTree = "<group>"; };
		C3EDB47D12BE6B5F00F452F9 /* MGTwitterStatusesParser.h */ = {isa = PBXFileReference; fileEncoding = 4; lastKnownFileType = sourcecode.c.h; path = MGTwitterStatusesParser.h; sourceTree = "<group>"; };
		C3EDB47E12BE6B5F00F452F9 /* MGTwitterStatusesParser.m */ = {isa = PBXFileReference; fileEncoding = 4; lastKnownFileType = sourcecode.c.objc; path = MGTwitterStatusesParser.m; sourceTree = "<group>"; };
		C3EDB47F12BE6B5F00F452F9 /* MGTwitterUsersLibXMLParser.h */ = {isa = PBXFileReference; fileEncoding = 4; lastKnownFileType = sourcecode.c.h; path = MGTwitterUsersLibXMLParser.h; sourceTree = "<group>"; };
		C3EDB48012BE6B5F00F452F9 /* MGTwitterUsersLibXMLParser.m */ = {isa = PBXFileReference; fileEncoding = 4; lastKnownFileType = sourcecode.c.objc; path = MGTwitterUsersLibXMLParser.m; sourceTree = "<group>"; };
		C3EDB48112BE6B5F00F452F9 /* MGTwitterUsersParser.h */ = {isa = PBXFileReference; fileEncoding = 4; lastKnownFileType = sourcecode.c.h; path = MGTwitterUsersParser.h; sourceTree = "<group>"; };
		C3EDB48212BE6B5F00F452F9 /* MGTwitterUsersParser.m */ = {isa = PBXFileReference; fileEncoding = 4; lastKnownFileType = sourcecode.c.objc; path = MGTwitterUsersParser.m; sourceTree = "<group>"; };
		C3EDB48312BE6B5F00F452F9 /* MGTwitterXMLParser.h */ = {isa = PBXFileReference; fileEncoding = 4; lastKnownFileType = sourcecode.c.h; path = MGTwitterXMLParser.h; sourceTree = "<group>"; };
		C3EDB48412BE6B5F00F452F9 /* MGTwitterXMLParser.m */ = {isa = PBXFileReference; fileEncoding = 4; lastKnownFileType = sourcecode.c.objc; path = MGTwitterXMLParser.m; sourceTree = "<group>"; };
		C3EDB48512BE6B5F00F452F9 /* NSData+Base64.h */ = {isa = PBXFileReference; fileEncoding = 4; lastKnownFileType = sourcecode.c.h; path = "NSData+Base64.h"; sourceTree = "<group>"; };
		C3EDB48612BE6B5F00F452F9 /* NSData+Base64.m */ = {isa = PBXFileReference; fileEncoding = 4; lastKnownFileType = sourcecode.c.objc; path = "NSData+Base64.m"; sourceTree = "<group>"; };
		C3EDB48712BE6B5F00F452F9 /* NSString+UUID.h */ = {isa = PBXFileReference; fileEncoding = 4; lastKnownFileType = sourcecode.c.h; path = "NSString+UUID.h"; sourceTree = "<group>"; };
		C3EDB48812BE6B5F00F452F9 /* NSString+UUID.m */ = {isa = PBXFileReference; fileEncoding = 4; lastKnownFileType = sourcecode.c.objc; path = "NSString+UUID.m"; sourceTree = "<group>"; };
		C3EDB49A12BE6B7E00F452F9 /* libxml2.dylib */ = {isa = PBXFileReference; lastKnownFileType = "compiled.mach-o.dylib"; name = libxml2.dylib; path = usr/lib/libxml2.dylib; sourceTree = SDKROOT; };
		C3EDB76A12C2CA8700F452F9 /* MGTwitterSocialGraphParser.h */ = {isa = PBXFileReference; fileEncoding = 4; lastKnownFileType = sourcecode.c.h; path = MGTwitterSocialGraphParser.h; sourceTree = "<group>"; };
		C3EDB76B12C2CA8700F452F9 /* MGTwitterSocialGraphParser.m */ = {isa = PBXFileReference; fileEncoding = 4; lastKnownFileType = sourcecode.c.objc; path = MGTwitterSocialGraphParser.m; sourceTree = "<group>"; };
		C3EDB76D12C2CABA00F452F9 /* MGTwitterSocialGraphLibXMLParser.h */ = {isa = PBXFileReference; fileEncoding = 4; lastKnownFileType = sourcecode.c.h; path = MGTwitterSocialGraphLibXMLParser.h; sourceTree = "<group>"; };
		C3EDB76E12C2CABA00F452F9 /* MGTwitterSocialGraphLibXMLParser.m */ = {isa = PBXFileReference; fileEncoding = 4; lastKnownFileType = sourcecode.c.objc; path = MGTwitterSocialGraphLibXMLParser.m; sourceTree = "<group>"; };
		C3EDB7C312C3841E00F452F9 /* BaseController.h */ = {isa = PBXFileReference; fileEncoding = 4; lastKnownFileType = sourcecode.c.h; path = BaseController.h; sourceTree = "<group>"; };
		C3EDB7C412C3841E00F452F9 /* BaseController.m */ = {isa = PBXFileReference; fileEncoding = 4; lastKnownFileType = sourcecode.c.objc; path = BaseController.m; sourceTree = "<group>"; };
		C3F552CE12DA031900B14912 /* match_2_bg.png */ = {isa = PBXFileReference; lastKnownFileType = image.png; path = match_2_bg.png; sourceTree = "<group>"; };
		C3F552CF12DA031900B14912 /* match_2_bg@2x.png */ = {isa = PBXFileReference; lastKnownFileType = image.png; path = "match_2_bg@2x.png"; sourceTree = "<group>"; };
		C3F552D712DA074C00B14912 /* gameover.png */ = {isa = PBXFileReference; lastKnownFileType = image.png; path = gameover.png; sourceTree = "<group>"; };
		C3F552D812DA074C00B14912 /* gameover@2x.png */ = {isa = PBXFileReference; lastKnownFileType = image.png; path = "gameover@2x.png"; sourceTree = "<group>"; };
		C3F552E812DA12B700B14912 /* loading.png */ = {isa = PBXFileReference; lastKnownFileType = image.png; path = loading.png; sourceTree = "<group>"; };
		C3F552E912DA12B700B14912 /* loading@2x.png */ = {isa = PBXFileReference; lastKnownFileType = image.png; path = "loading@2x.png"; sourceTree = "<group>"; };
/* End PBXFileReference section */

/* Begin PBXFrameworksBuildPhase section */
		1D60588F0D05DD3D006BFB54 /* Frameworks */ = {
			isa = PBXFrameworksBuildPhase;
			buildActionMask = 2147483647;
			files = (
				1D60589F0D05DD5A006BFB54 /* Foundation.framework in Frameworks */,
				1DF5F4E00D08C38300B7A737 /* UIKit.framework in Frameworks */,
				288765A50DF7441C002DB57D /* CoreGraphics.framework in Frameworks */,
				28D801B40F44B63D00FB423F /* CoreData.framework in Frameworks */,
				C3EDB48912BE6B5F00F452F9 /* libOAuth.a in Frameworks */,
				C3EDB49B12BE6B7E00F452F9 /* libxml2.dylib in Frameworks */,
			);
			runOnlyForDeploymentPostprocessing = 0;
		};
/* End PBXFrameworksBuildPhase section */

/* Begin PBXGroup section */
		080E96DDFE201D6D7F000001 /* Classes */ = {
			isa = PBXGroup;
			children = (
				1D3623240D0F684500981E51 /* twittaddictAppDelegate.h */,
				1D3623250D0F684500981E51 /* twittaddictAppDelegate.m */,
				C3EDB7C312C3841E00F452F9 /* BaseController.h */,
				C3EDB7C412C3841E00F452F9 /* BaseController.m */,
				C3EDB35812BE538C00F452F9 /* MatchController.h */,
				C3EDB35912BE538C00F452F9 /* MatchController.m */,
				C33F8AB412C90B550033022D /* GameOverController.h */,
				C33F8AB512C90B550033022D /* GameOverController.m */,
				C33F908712D6B53D0033022D /* FriendStatsController.h */,
				C33F908812D6B53D0033022D /* FriendStatsController.m */,
				C33F930612D8D6370033022D /* Custom Cells */,
				C33F884512C7A12F0033022D /* Custom Objects */,
			);
			path = Classes;
			sourceTree = "<group>";
		};
		19C28FACFE9D520D11CA2CBB /* Products */ = {
			isa = PBXGroup;
			children = (
				1D6058910D05DD3D006BFB54 /* twittaddict.app */,
			);
			name = Products;
			sourceTree = "<group>";
		};
		29B97314FDCFA39411CA2CEA /* CustomTemplate */ = {
			isa = PBXGroup;
			children = (
				080E96DDFE201D6D7F000001 /* Classes */,
				29B97315FDCFA39411CA2CEA /* Other Sources */,
				29B97317FDCFA39411CA2CEA /* Resources */,
				29B97323FDCFA39411CA2CEA /* Frameworks */,
				19C28FACFE9D520D11CA2CBB /* Products */,
			);
			name = CustomTemplate;
			sourceTree = "<group>";
		};
		29B97315FDCFA39411CA2CEA /* Other Sources */ = {
			isa = PBXGroup;
			children = (
				C3EDB30312BE4B6300F452F9 /* JSON */,
				C3EDB45012BE6B5F00F452F9 /* Twitter+OAuth */,
				32CA4F630368D1EE00C91783 /* twittaddict_Prefix.pch */,
				29B97316FDCFA39411CA2CEA /* main.m */,
			);
			name = "Other Sources";
			sourceTree = "<group>";
		};
		29B97317FDCFA39411CA2CEA /* Resources */ = {
			isa = PBXGroup;
			children = (
				C33F884912C7A4C10033022D /* Graphics */,
				C3EDB35012BE52D500F452F9 /* XIBs */,
				2819305F112F816700ECF9B4 /* twittaddict.xcdatamodeld */,
				28AD733E0D9D9553002E5188 /* MainWindow.xib */,
				8D1107310486CEB800E47090 /* twittaddict-Info.plist */,
			);
			name = Resources;
			sourceTree = "<group>";
		};
		29B97323FDCFA39411CA2CEA /* Frameworks */ = {
			isa = PBXGroup;
			children = (
				1DF5F4DF0D08C38300B7A737 /* UIKit.framework */,
				1D30AB110D05D00D00671497 /* Foundation.framework */,
				288765A40DF7441C002DB57D /* CoreGraphics.framework */,
				28D801B30F44B63D00FB423F /* CoreData.framework */,
				C3EDB49A12BE6B7E00F452F9 /* libxml2.dylib */,
			);
			name = Frameworks;
			sourceTree = "<group>";
		};
		C33F884512C7A12F0033022D /* Custom Objects */ = {
			isa = PBXGroup;
			children = (
				C33F883512C79F940033022D /* SRButton.h */,
				C33F883612C79F940033022D /* SRButton.m */,
			);
			name = "Custom Objects";
			sourceTree = "<group>";
		};
		C33F884912C7A4C10033022D /* Graphics */ = {
			isa = PBXGroup;
			children = (
				C3F552E812DA12B700B14912 /* loading.png */,
				C3F552E912DA12B700B14912 /* loading@2x.png */,
				C3F552D712DA074C00B14912 /* gameover.png */,
				C3F552D812DA074C00B14912 /* gameover@2x.png */,
				C3F552CE12DA031900B14912 /* match_2_bg.png */,
				C3F552CF12DA031900B14912 /* match_2_bg@2x.png */,
				C33F8ED612CFFBFE0033022D /* match_1_bg@2x.png */,
				C33F8C7E12CAD89C0033022D /* match_1_bg.png */,
				C33F886D12C7A7270033022D /* wrong@2x.png */,
				C33F886B12C7A71F0033022D /* wrong.png */,
				C33F884B12C7A4D50033022D /* correct.png */,
				C33F884C12C7A4D50033022D /* correct@2x.png */,
			);
			name = Graphics;
			sourceTree = "<group>";
		};
		C33F930612D8D6370033022D /* Custom Cells */ = {
			isa = PBXGroup;
			children = (
				C33F930712D8D6690033022D /* statCell.h */,
				C33F930812D8D6690033022D /* statCell.m */,
			);
			name = "Custom Cells";
			sourceTree = "<group>";
		};
		C3EDB30312BE4B6300F452F9 /* JSON */ = {
			isa = PBXGroup;
			children = (
				C3EDB30412BE4B6300F452F9 /* JSON.h */,
				C3EDB30512BE4B6300F452F9 /* NSObject+SBJSON.h */,
				C3EDB30612BE4B6300F452F9 /* NSObject+SBJSON.m */,
				C3EDB30712BE4B6300F452F9 /* NSString+SBJSON.h */,
				C3EDB30812BE4B6300F452F9 /* NSString+SBJSON.m */,
				C3EDB30912BE4B6300F452F9 /* SBJsonBase.h */,
				C3EDB30A12BE4B6300F452F9 /* SBJsonBase.m */,
				C3EDB30B12BE4B6300F452F9 /* SBJsonParser.h */,
				C3EDB30C12BE4B6300F452F9 /* SBJsonParser.m */,
				C3EDB30D12BE4B6300F452F9 /* SBJsonWriter.h */,
				C3EDB30E12BE4B6300F452F9 /* SBJsonWriter.m */,
			);
			name = JSON;
			sourceTree = "<group>";
		};
		C3EDB35012BE52D500F452F9 /* XIBs */ = {
			isa = PBXGroup;
			children = (
				C33F8AB612C90B550033022D /* GameOverController.xib */,
				C3EDB35A12BE538C00F452F9 /* MatchController.xib */,
				C33F908912D6B53D0033022D /* FriendStatsController.xib */,
				C33F931112D8DC530033022D /* statCell.xib */,
			);
			name = XIBs;
			sourceTree = "<group>";
		};
		C3EDB45012BE6B5F00F452F9 /* Twitter+OAuth */ = {
			isa = PBXGroup;
			children = (
				C3EDB45112BE6B5F00F452F9 /* SAOAuthTwitterEngine */,
				C3EDB45712BE6B5F00F452F9 /* Libraries & Headers */,
				C3EDB46812BE6B5F00F452F9 /* MGTwitterEngine */,
			);
			path = "Twitter+OAuth";
			sourceTree = "<group>";
		};
		C3EDB45112BE6B5F00F452F9 /* SAOAuthTwitterEngine */ = {
			isa = PBXGroup;
			children = (
				C3EDB45212BE6B5F00F452F9 /* libOAuth.a */,
				C3EDB45312BE6B5F00F452F9 /* SA_OAuthTwitterEngine.h */,
				C3EDB45412BE6B5F00F452F9 /* SA_OAuthTwitterEngine.m */,
				C3EDB45512BE6B5F00F452F9 /* SA_OAuthTwitterController.h */,
				C3EDB45612BE6B5F00F452F9 /* SA_OAuthTwitterController.m */,
			);
			path = SAOAuthTwitterEngine;
			sourceTree = "<group>";
		};
		C3EDB45712BE6B5F00F452F9 /* Libraries & Headers */ = {
			isa = PBXGroup;
			children = (
				C3EDB45812BE6B5F00F452F9 /* OAuthConsumer */,
			);
			path = "Libraries & Headers";
			sourceTree = "<group>";
		};
		C3EDB45812BE6B5F00F452F9 /* OAuthConsumer */ = {
			isa = PBXGroup;
			children = (
				C3EDB45912BE6B5F00F452F9 /* NSMutableURLRequest+Parameters.h */,
				C3EDB45A12BE6B5F00F452F9 /* NSString+URLEncoding.h */,
				C3EDB45B12BE6B5F00F452F9 /* NSURL+Base.h */,
				C3EDB45C12BE6B5F00F452F9 /* OAAsynchronousDataFetcher.h */,
				C3EDB45D12BE6B5F00F452F9 /* OAConsumer.h */,
				C3EDB45E12BE6B5F00F452F9 /* OADataFetcher.h */,
				C3EDB45F12BE6B5F00F452F9 /* OAHMAC_SHA1SignatureProvider.h */,
				C3EDB46012BE6B5F00F452F9 /* OAMutableURLRequest.h */,
				C3EDB46112BE6B5F00F452F9 /* OAPlaintextSignatureProvider.h */,
				C3EDB46212BE6B5F00F452F9 /* OARequestParameter.h */,
				C3EDB46312BE6B5F00F452F9 /* OAServiceTicket.h */,
				C3EDB46412BE6B5F00F452F9 /* OASignatureProviding.h */,
				C3EDB46512BE6B5F00F452F9 /* OAToken.h */,
				C3EDB46612BE6B5F00F452F9 /* OAToken_KeychainExtensions.h */,
				C3EDB46712BE6B5F00F452F9 /* OAuthConsumer.h */,
			);
			path = OAuthConsumer;
			sourceTree = "<group>";
		};
		C3EDB46812BE6B5F00F452F9 /* MGTwitterEngine */ = {
			isa = PBXGroup;
			children = (
				C3EDB76D12C2CABA00F452F9 /* MGTwitterSocialGraphLibXMLParser.h */,
				C3EDB76E12C2CABA00F452F9 /* MGTwitterSocialGraphLibXMLParser.m */,
				C3EDB76A12C2CA8700F452F9 /* MGTwitterSocialGraphParser.h */,
				C3EDB76B12C2CA8700F452F9 /* MGTwitterSocialGraphParser.m */,
				C3EDB46912BE6B5F00F452F9 /* MGTwitterEngine.h */,
				C3EDB46A12BE6B5F00F452F9 /* MGTwitterEngine.m */,
				C3EDB46B12BE6B5F00F452F9 /* MGTwitterEngineDelegate.h */,
				C3EDB46C12BE6B5F00F452F9 /* MGTwitterEngineGlobalHeader.h */,
				C3EDB46D12BE6B5F00F452F9 /* MGTwitterHTTPURLConnection.h */,
				C3EDB46E12BE6B5F00F452F9 /* MGTwitterHTTPURLConnection.m */,
				C3EDB46F12BE6B5F00F452F9 /* MGTwitterLibXMLParser.h */,
				C3EDB47012BE6B5F00F452F9 /* MGTwitterLibXMLParser.m */,
				C3EDB47112BE6B5F00F452F9 /* MGTwitterMessagesLibXMLParser.h */,
				C3EDB47212BE6B5F00F452F9 /* MGTwitterMessagesLibXMLParser.m */,
				C3EDB47312BE6B5F00F452F9 /* MGTwitterMessagesParser.h */,
				C3EDB47412BE6B5F00F452F9 /* MGTwitterMessagesParser.m */,
				C3EDB47512BE6B5F00F452F9 /* MGTwitterMiscLibXMLParser.h */,
				C3EDB47612BE6B5F00F452F9 /* MGTwitterMiscLibXMLParser.m */,
				C3EDB47712BE6B5F00F452F9 /* MGTwitterMiscParser.h */,
				C3EDB47812BE6B5F00F452F9 /* MGTwitterMiscParser.m */,
				C3EDB47912BE6B5F00F452F9 /* MGTwitterParserDelegate.h */,
				C3EDB47A12BE6B5F00F452F9 /* MGTwitterRequestTypes.h */,
				C3EDB47B12BE6B5F00F452F9 /* MGTwitterStatusesLibXMLParser.h */,
				C3EDB47C12BE6B5F00F452F9 /* MGTwitterStatusesLibXMLParser.m */,
				C3EDB47D12BE6B5F00F452F9 /* MGTwitterStatusesParser.h */,
				C3EDB47E12BE6B5F00F452F9 /* MGTwitterStatusesParser.m */,
				C3EDB47F12BE6B5F00F452F9 /* MGTwitterUsersLibXMLParser.h */,
				C3EDB48012BE6B5F00F452F9 /* MGTwitterUsersLibXMLParser.m */,
				C3EDB48112BE6B5F00F452F9 /* MGTwitterUsersParser.h */,
				C3EDB48212BE6B5F00F452F9 /* MGTwitterUsersParser.m */,
				C3EDB48312BE6B5F00F452F9 /* MGTwitterXMLParser.h */,
				C3EDB48412BE6B5F00F452F9 /* MGTwitterXMLParser.m */,
				C3EDB48512BE6B5F00F452F9 /* NSData+Base64.h */,
				C3EDB48612BE6B5F00F452F9 /* NSData+Base64.m */,
				C3EDB48712BE6B5F00F452F9 /* NSString+UUID.h */,
				C3EDB48812BE6B5F00F452F9 /* NSString+UUID.m */,
			);
			path = MGTwitterEngine;
			sourceTree = "<group>";
		};
/* End PBXGroup section */

/* Begin PBXNativeTarget section */
		1D6058900D05DD3D006BFB54 /* twittaddict */ = {
			isa = PBXNativeTarget;
			buildConfigurationList = 1D6058960D05DD3E006BFB54 /* Build configuration list for PBXNativeTarget "twittaddict" */;
			buildPhases = (
				1D60588D0D05DD3D006BFB54 /* Resources */,
				1D60588E0D05DD3D006BFB54 /* Sources */,
				1D60588F0D05DD3D006BFB54 /* Frameworks */,
			);
			buildRules = (
			);
			dependencies = (
			);
			name = twittaddict;
			productName = twittaddict;
			productReference = 1D6058910D05DD3D006BFB54 /* twittaddict.app */;
			productType = "com.apple.product-type.application";
		};
/* End PBXNativeTarget section */

/* Begin PBXProject section */
		29B97313FDCFA39411CA2CEA /* Project object */ = {
			isa = PBXProject;
			buildConfigurationList = C01FCF4E08A954540054247B /* Build configuration list for PBXProject "twittaddict" */;
			compatibilityVersion = "Xcode 3.2";
			developmentRegion = English;
			hasScannedForEncodings = 1;
			knownRegions = (
				English,
				Japanese,
				French,
				German,
			);
			mainGroup = 29B97314FDCFA39411CA2CEA /* CustomTemplate */;
			projectDirPath = "";
			projectRoot = "";
			targets = (
				1D6058900D05DD3D006BFB54 /* twittaddict */,
			);
		};
/* End PBXProject section */

/* Begin PBXResourcesBuildPhase section */
		1D60588D0D05DD3D006BFB54 /* Resources */ = {
			isa = PBXResourcesBuildPhase;
			buildActionMask = 2147483647;
			files = (
				28AD733F0D9D9553002E5188 /* MainWindow.xib in Resources */,
				C3EDB35C12BE538C00F452F9 /* MatchController.xib in Resources */,
				C33F884D12C7A4D50033022D /* correct.png in Resources */,
				C33F884E12C7A4D50033022D /* correct@2x.png in Resources */,
				C33F886C12C7A71F0033022D /* wrong.png in Resources */,
				C33F886E12C7A7270033022D /* wrong@2x.png in Resources */,
				C33F8AB812C90B560033022D /* GameOverController.xib in Resources */,
				C33F8C7F12CAD89C0033022D /* match_1_bg.png in Resources */,
				C33F8ED712CFFBFE0033022D /* match_1_bg@2x.png in Resources */,
				C33F908B12D6B53D0033022D /* FriendStatsController.xib in Resources */,
				C33F931212D8DC530033022D /* statCell.xib in Resources */,
				C3F552D012DA031900B14912 /* match_2_bg.png in Resources */,
				C3F552D112DA031900B14912 /* match_2_bg@2x.png in Resources */,
				C3F552D912DA074C00B14912 /* gameover.png in Resources */,
				C3F552DA12DA074C00B14912 /* gameover@2x.png in Resources */,
				C3F552EA12DA12B700B14912 /* loading.png in Resources */,
				C3F552EB12DA12B700B14912 /* loading@2x.png in Resources */,
			);
			runOnlyForDeploymentPostprocessing = 0;
		};
/* End PBXResourcesBuildPhase section */

/* Begin PBXSourcesBuildPhase section */
		1D60588E0D05DD3D006BFB54 /* Sources */ = {
			isa = PBXSourcesBuildPhase;
			buildActionMask = 2147483647;
			files = (
				1D60589B0D05DD56006BFB54 /* main.m in Sources */,
				1D3623260D0F684500981E51 /* twittaddictAppDelegate.m in Sources */,
				28193060112F816700ECF9B4 /* twittaddict.xcdatamodeld in Sources */,
				C3EDB30F12BE4B6300F452F9 /* NSObject+SBJSON.m in Sources */,
				C3EDB31012BE4B6300F452F9 /* NSString+SBJSON.m in Sources */,
				C3EDB31112BE4B6300F452F9 /* SBJsonBase.m in Sources */,
				C3EDB31212BE4B6300F452F9 /* SBJsonParser.m in Sources */,
				C3EDB31312BE4B6300F452F9 /* SBJsonWriter.m in Sources */,
				C3EDB35B12BE538C00F452F9 /* MatchController.m in Sources */,
				C3EDB48A12BE6B5F00F452F9 /* SA_OAuthTwitterEngine.m in Sources */,
				C3EDB48B12BE6B5F00F452F9 /* SA_OAuthTwitterController.m in Sources */,
				C3EDB48C12BE6B5F00F452F9 /* MGTwitterEngine.m in Sources */,
				C3EDB48D12BE6B5F00F452F9 /* MGTwitterHTTPURLConnection.m in Sources */,
				C3EDB48E12BE6B5F00F452F9 /* MGTwitterLibXMLParser.m in Sources */,
				C3EDB48F12BE6B5F00F452F9 /* MGTwitterMessagesLibXMLParser.m in Sources */,
				C3EDB49012BE6B5F00F452F9 /* MGTwitterMessagesParser.m in Sources */,
				C3EDB49112BE6B5F00F452F9 /* MGTwitterMiscLibXMLParser.m in Sources */,
				C3EDB49212BE6B5F00F452F9 /* MGTwitterMiscParser.m in Sources */,
				C3EDB49312BE6B5F00F452F9 /* MGTwitterStatusesLibXMLParser.m in Sources */,
				C3EDB49412BE6B5F00F452F9 /* MGTwitterStatusesParser.m in Sources */,
				C3EDB49512BE6B5F00F452F9 /* MGTwitterUsersLibXMLParser.m in Sources */,
				C3EDB49612BE6B5F00F452F9 /* MGTwitterUsersParser.m in Sources */,
				C3EDB49712BE6B5F00F452F9 /* MGTwitterXMLParser.m in Sources */,
				C3EDB49812BE6B5F00F452F9 /* NSData+Base64.m in Sources */,
				C3EDB49912BE6B5F00F452F9 /* NSString+UUID.m in Sources */,
				C3EDB76C12C2CA8700F452F9 /* MGTwitterSocialGraphParser.m in Sources */,
				C3EDB76F12C2CABA00F452F9 /* MGTwitterSocialGraphLibXMLParser.m in Sources */,
				C3EDB7C512C3841E00F452F9 /* BaseController.m in Sources */,
				C33F883712C79F940033022D /* SRButton.m in Sources */,
				C33F8AB712C90B550033022D /* GameOverController.m in Sources */,
				C33F908A12D6B53D0033022D /* FriendStatsController.m in Sources */,
				C33F930912D8D6690033022D /* statCell.m in Sources */,
			);
			runOnlyForDeploymentPostprocessing = 0;
		};
/* End PBXSourcesBuildPhase section */

/* Begin XCBuildConfiguration section */
		1D6058940D05DD3E006BFB54 /* Debug */ = {
			isa = XCBuildConfiguration;
			buildSettings = {
				ALWAYS_SEARCH_USER_PATHS = NO;
				COPY_PHASE_STRIP = NO;
				GCC_DYNAMIC_NO_PIC = NO;
				GCC_OPTIMIZATION_LEVEL = 0;
				GCC_PRECOMPILE_PREFIX_HEADER = YES;
				GCC_PREFIX_HEADER = twittaddict_Prefix.pch;
				INFOPLIST_FILE = "twittaddict-Info.plist";
				LIBRARY_SEARCH_PATHS = (
					"$(inherited)",
					"\"$(SRCROOT)/Twitter+OAuth/SAOAuthTwitterEngine\"",
				);
				PRODUCT_NAME = twittaddict;
			};
			name = Debug;
		};
		1D6058950D05DD3E006BFB54 /* Release */ = {
			isa = XCBuildConfiguration;
			buildSettings = {
				ALWAYS_SEARCH_USER_PATHS = NO;
				COPY_PHASE_STRIP = YES;
				GCC_PRECOMPILE_PREFIX_HEADER = YES;
				GCC_PREFIX_HEADER = twittaddict_Prefix.pch;
				INFOPLIST_FILE = "twittaddict-Info.plist";
				LIBRARY_SEARCH_PATHS = (
					"$(inherited)",
					"\"$(SRCROOT)/Twitter+OAuth/SAOAuthTwitterEngine\"",
				);
				PRODUCT_NAME = twittaddict;
				VALIDATE_PRODUCT = YES;
			};
			name = Release;
		};
		C01FCF4F08A954540054247B /* Debug */ = {
			isa = XCBuildConfiguration;
			buildSettings = {
				ARCHS = "$(ARCHS_STANDARD_32_BIT)";
				"CODE_SIGN_IDENTITY[sdk=iphoneos*]" = "iPhone Developer";
				GCC_C_LANGUAGE_STANDARD = c99;
				GCC_WARN_ABOUT_RETURN_TYPE = YES;
				GCC_WARN_UNUSED_VARIABLE = YES;
				HEADER_SEARCH_PATHS = "$(SDKROOT)/usr/include/libxml2";
				PREBINDING = NO;
				SDKROOT = iphoneos;
			};
			name = Debug;
		};
		C01FCF5008A954540054247B /* Release */ = {
			isa = XCBuildConfiguration;
			buildSettings = {
				ARCHS = "$(ARCHS_STANDARD_32_BIT)";
				"CODE_SIGN_IDENTITY[sdk=iphoneos*]" = "iPhone Developer";
				GCC_C_LANGUAGE_STANDARD = c99;
				GCC_WARN_ABOUT_RETURN_TYPE = YES;
				GCC_WARN_UNUSED_VARIABLE = YES;
				OTHER_CFLAGS = "-DNS_BLOCK_ASSERTIONS=1";
				PREBINDING = NO;
				SDKROOT = iphoneos;
			};
			name = Release;
		};
/* End XCBuildConfiguration section */

/* Begin XCConfigurationList section */
		1D6058960D05DD3E006BFB54 /* Build configuration list for PBXNativeTarget "twittaddict" */ = {
			isa = XCConfigurationList;
			buildConfigurations = (
				1D6058940D05DD3E006BFB54 /* Debug */,
				1D6058950D05DD3E006BFB54 /* Release */,
			);
			defaultConfigurationIsVisible = 0;
			defaultConfigurationName = Release;
		};
		C01FCF4E08A954540054247B /* Build configuration list for PBXProject "twittaddict" */ = {
			isa = XCConfigurationList;
			buildConfigurations = (
				C01FCF4F08A954540054247B /* Debug */,
				C01FCF5008A954540054247B /* Release */,
			);
			defaultConfigurationIsVisible = 0;
			defaultConfigurationName = Release;
		};
/* End XCConfigurationList section */

/* Begin XCVersionGroup section */
		2819305F112F816700ECF9B4 /* twittaddict.xcdatamodeld */ = {
			isa = XCVersionGroup;
			children = (
				28C3AD890F43EF2300507BA6 /* twittaddict.xcdatamodel */,
			);
			currentVersion = 28C3AD890F43EF2300507BA6 /* twittaddict.xcdatamodel */;
			path = twittaddict.xcdatamodeld;
			sourceTree = "<group>";
			versionGroupType = wrapper.xcdatamodel;
		};
/* End XCVersionGroup section */
	};
	rootObject = 29B97313FDCFA39411CA2CEA /* Project object */;
}
